
Microsoft Visual Studio Solution File, Format Version 12.00
# Visual Studio 15
VisualStudioVersion = 15.0.27004.2010
MinimumVisualStudioVersion = 10.0.40219.1
Project("{FAE04EC0-301F-11D3-BF4B-00C04F79EFBC}") = "Khan.TranslationProject.Web", "Khan.TranslationProject.Web\Khan.TranslationProject.Web.csproj", "{0F7AEEC7-9631-47A7-AC04-FC545A4BF1A7}"
EndProject
Project("{FAE04EC0-301F-11D3-BF4B-00C04F79EFBC}") = "Khan.TranslationProject.Web.Tests", "Khan.TranslationProject.Web.Tests\Khan.TranslationProject.Web.Tests.csproj", "{B4DAAF74-3080-4125-869D-7983005945FD}"
EndProject
Project("{2150E333-8FDC-42A3-9474-1A3956D46DE8}") = "Business", "Business", "{91F10638-B030-4CB9-8A6A-E6B65F064029}"
EndProject
Project("{2150E333-8FDC-42A3-9474-1A3956D46DE8}") = "Data", "Data", "{6AA1449B-C59E-42C0-B1EE-57AE0B10EEE5}"
EndProject
Project("{2150E333-8FDC-42A3-9474-1A3956D46DE8}") = "Common", "Common", "{87AD27C9-50A8-4DB9-AA33-8B42498EE618}"
EndProject
Project("{2150E333-8FDC-42A3-9474-1A3956D46DE8}") = "Model", "Model", "{5C959D28-BA38-462B-81AC-C8B539C89CA3}"
EndProject
Project("{2150E333-8FDC-42A3-9474-1A3956D46DE8}") = "WebApiLayer", "WebApiLayer", "{7A8B5BF2-BB14-4B95-8A38-5DD0F4F3F1CC}"
EndProject
Project("{2150E333-8FDC-42A3-9474-1A3956D46DE8}") = "WEB", "WEB", "{AA0DC5E8-0BA0-44B2-9435-5213A3D78C69}"
EndProject
Project("{2150E333-8FDC-42A3-9474-1A3956D46DE8}") = "Tests", "Tests", "{3B1E7D4D-24D6-4E82-9915-5E9871B7569C}"
EndProject
Project("{FAE04EC0-301F-11D3-BF4B-00C04F79EFBC}") = "Khan.TranslationProject.Data", "Khan.TranslationProject.Data\Khan.TranslationProject.Data.csproj", "{EC01CF31-7A19-40BB-8F47-DE7041B66505}"
EndProject
Project("{FAE04EC0-301F-11D3-BF4B-00C04F79EFBC}") = "Khan.TranslationProject.Model", "Khan.TranslationProject.Model\Khan.TranslationProject.Model.csproj", "{498921F3-197B-4D00-86A9-5C25210C1825}"
EndProject
Global
	GlobalSection(SolutionConfigurationPlatforms) = preSolution
		Debug|Any CPU = Debug|Any CPU
		Release|Any CPU = Release|Any CPU
	EndGlobalSection
	GlobalSection(ProjectConfigurationPlatforms) = postSolution
		{0F7AEEC7-9631-47A7-AC04-FC545A4BF1A7}.Debug|Any CPU.ActiveCfg = Debug|Any CPU
		{0F7AEEC7-9631-47A7-AC04-FC545A4BF1A7}.Debug|Any CPU.Build.0 = Debug|Any CPU
		{0F7AEEC7-9631-47A7-AC04-FC545A4BF1A7}.Release|Any CPU.ActiveCfg = Release|Any CPU
		{0F7AEEC7-9631-47A7-AC04-FC545A4BF1A7}.Release|Any CPU.Build.0 = Release|Any CPU
		{B4DAAF74-3080-4125-869D-7983005945FD}.Debug|Any CPU.ActiveCfg = Debug|Any CPU
		{B4DAAF74-3080-4125-869D-7983005945FD}.Debug|Any CPU.Build.0 = Debug|Any CPU
		{B4DAAF74-3080-4125-869D-7983005945FD}.Release|Any CPU.ActiveCfg = Release|Any CPU
		{B4DAAF74-3080-4125-869D-7983005945FD}.Release|Any CPU.Build.0 = Release|Any CPU
		{EC01CF31-7A19-40BB-8F47-DE7041B66505}.Debug|Any CPU.ActiveCfg = Debug|Any CPU
		{EC01CF31-7A19-40BB-8F47-DE7041B66505}.Debug|Any CPU.Build.0 = Debug|Any CPU
		{EC01CF31-7A19-40BB-8F47-DE7041B66505}.Release|Any CPU.ActiveCfg = Release|Any CPU
		{EC01CF31-7A19-40BB-8F47-DE7041B66505}.Release|Any CPU.Build.0 = Release|Any CPU
		{498921F3-197B-4D00-86A9-5C25210C1825}.Debug|Any CPU.ActiveCfg = Debug|Any CPU
		{498921F3-197B-4D00-86A9-5C25210C1825}.Debug|Any CPU.Build.0 = Debug|Any CPU
		{498921F3-197B-4D00-86A9-5C25210C1825}.Release|Any CPU.ActiveCfg = Release|Any CPU
		{498921F3-197B-4D00-86A9-5C25210C1825}.Release|Any CPU.Build.0 = Release|Any CPU
	EndGlobalSection
	GlobalSection(SolutionProperties) = preSolution
		HideSolutionNode = FALSE
	EndGlobalSection
	GlobalSection(NestedProjects) = preSolution
		{0F7AEEC7-9631-47A7-AC04-FC545A4BF1A7} = {AA0DC5E8-0BA0-44B2-9435-5213A3D78C69}
		{B4DAAF74-3080-4125-869D-7983005945FD} = {3B1E7D4D-24D6-4E82-9915-5E9871B7569C}
		{EC01CF31-7A19-40BB-8F47-DE7041B66505} = {6AA1449B-C59E-42C0-B1EE-57AE0B10EEE5}
		{498921F3-197B-4D00-86A9-5C25210C1825} = {5C959D28-BA38-462B-81AC-C8B539C89CA3}
	EndGlobalSection
	GlobalSection(ExtensibilityGlobals) = postSolution
		EnterpriseLibraryConfigurationToolBinariesPathV6 = packages\EnterpriseLibrary.Common.6.0.1304.0\lib\NET45;packages\EnterpriseLibrary.Data.6.0.1304.0\lib\NET45
		SolutionGuid = {79EB3E79-1584-467F-9CE6-E45BB7458C7F}
	EndGlobalSection
EndGlobal
